
Microsoft Visual Studio Solution File, Format Version 12.00
# Visual Studio Version 17
VisualStudioVersion = 17.7.34003.232
MinimumVisualStudioVersion = 10.0.40219.1
Project("{FAE04EC0-301F-11D3-BF4B-00C04F79EFBC}") = "AcademiaAuditiva", "AcademiaAuditiva\AcademiaAuditiva.csproj", "{791A993A-4CDD-49FA-A221-3C83A9575005}"
EndProject
Global
	GlobalSection(SolutionConfigurationPlatforms) = preSolution
		Debug|Any CPU = Debug|Any CPU
		Release|Any CPU = Release|Any CPU
	EndGlobalSection
	GlobalSection(ProjectConfigurationPlatforms) = postSolution
		{791A993A-4CDD-49FA-A221-3C83A9575005}.Debug|Any CPU.ActiveCfg = Debug|Any CPU
		{791A993A-4CDD-49FA-A221-3C83A9575005}.Debug|Any CPU.Build.0 = Debug|Any CPU
		{791A993A-4CDD-49FA-A221-3C83A9575005}.Release|Any CPU.ActiveCfg = Release|Any CPU
		{791A993A-4CDD-49FA-A221-3C83A9575005}.Release|Any CPU.Build.0 = Release|Any CPU
	EndGlobalSection
	GlobalSection(SolutionProperties) = preSolution
		HideSolutionNode = FALSE
	EndGlobalSection
	GlobalSection(ExtensibilityGlobals) = postSolution
		SolutionGuid = {65E99AAF-CD30-462B-A498-7F26FD7A810D}
	EndGlobalSection
EndGlobal
